// !$*UTF8*$!
{
	archiveVersion = 1;
	classes = {
	};
	objectVersion = 50;
	objects = {

/* Begin PBXBuildFile section */
		F43EF84C25118B2500706233 /* AppDelegate.swift in Sources */ = {isa = PBXBuildFile; fileRef = F43EF84B25118B2500706233 /* AppDelegate.swift */; };
		F43EF84E25118B2500706233 /* SceneDelegate.swift in Sources */ = {isa = PBXBuildFile; fileRef = F43EF84D25118B2500706233 /* SceneDelegate.swift */; };
		F43EF85025118B2500706233 /* ViewController.swift in Sources */ = {isa = PBXBuildFile; fileRef = F43EF84F25118B2500706233 /* ViewController.swift */; };
		F43EF85325118B2500706233 /* Main.storyboard in Resources */ = {isa = PBXBuildFile; fileRef = F43EF85125118B2500706233 /* Main.storyboard */; };
		F43EF85525118B2700706233 /* Assets.xcassets in Resources */ = {isa = PBXBuildFile; fileRef = F43EF85425118B2700706233 /* Assets.xcassets */; };
		F43EF85825118B2700706233 /* LaunchScreen.storyboard in Resources */ = {isa = PBXBuildFile; fileRef = F43EF85625118B2700706233 /* LaunchScreen.storyboard */; };
		F43EF86325118B2700706233 /* Cons_Project_8Tests.swift in Sources */ = {isa = PBXBuildFile; fileRef = F43EF86225118B2700706233 /* Cons_Project_8Tests.swift */; };
		F43EF86E25118B2700706233 /* Cons_Project_8UITests.swift in Sources */ = {isa = PBXBuildFile; fileRef = F43EF86D25118B2700706233 /* Cons_Project_8UITests.swift */; };
		F43EF885251193C200706233 /* Media.xcassets in Resources */ = {isa = PBXBuildFile; fileRef = F43EF884251193C200706233 /* Media.xcassets */; };
		F43EF887251193C200706233 /* ActionViewController.swift in Sources */ = {isa = PBXBuildFile; fileRef = F43EF886251193C200706233 /* ActionViewController.swift */; };
		F43EF88A251193C200706233 /* MainInterface.storyboard in Resources */ = {isa = PBXBuildFile; fileRef = F43EF888251193C200706233 /* MainInterface.storyboard */; };
		F43EF88E251193C200706233 /* Extension.appex in Embed App Extensions */ = {isa = PBXBuildFile; fileRef = F43EF882251193C200706233 /* Extension.appex */; settings = {ATTRIBUTES = (RemoveHeadersOnCopy, ); }; };
		F43EF8982511972900706233 /* Action.js in Resources */ = {isa = PBXBuildFile; fileRef = F43EF8972511972900706233 /* Action.js */; };
/* End PBXBuildFile section */

/* Begin PBXContainerItemProxy section */
		F43EF85F25118B2700706233 /* PBXContainerItemProxy */ = {
			isa = PBXContainerItemProxy;
			containerPortal = F43EF84025118B2500706233 /* Project object */;
			proxyType = 1;
			remoteGlobalIDString = F43EF84725118B2500706233;
			remoteInfo = "Cons_Project#8";
		};
		F43EF86A25118B2700706233 /* PBXContainerItemProxy */ = {
			isa = PBXContainerItemProxy;
			containerPortal = F43EF84025118B2500706233 /* Project object */;
			proxyType = 1;
			remoteGlobalIDString = F43EF84725118B2500706233;
			remoteInfo = "Cons_Project#8";
		};
		F43EF88C251193C200706233 /* PBXContainerItemProxy */ = {
			isa = PBXContainerItemProxy;
			containerPortal = F43EF84025118B2500706233 /* Project object */;
			proxyType = 1;
			remoteGlobalIDString = F43EF881251193C200706233;
			remoteInfo = Extension;
		};
/* End PBXContainerItemProxy section */

/* Begin PBXCopyFilesBuildPhase section */
		F43EF892251193C200706233 /* Embed App Extensions */ = {
			isa = PBXCopyFilesBuildPhase;
			buildActionMask = 2147483647;
			dstPath = "";
			dstSubfolderSpec = 13;
			files = (
				F43EF88E251193C200706233 /* Extension.appex in Embed App Extensions */,
			);
			name = "Embed App Extensions";
			runOnlyForDeploymentPostprocessing = 0;
		};
/* End PBXCopyFilesBuildPhase section */

/* Begin PBXFileReference section */
		F43EF84825118B2500706233 /* Cons_Project#8.app */ = {isa = PBXFileReference; explicitFileType = wrapper.application; includeInIndex = 0; path = "Cons_Project#8.app"; sourceTree = BUILT_PRODUCTS_DIR; };
		F43EF84B25118B2500706233 /* AppDelegate.swift */ = {isa = PBXFileReference; lastKnownFileType = sourcecode.swift; path = AppDelegate.swift; sourceTree = "<group>"; };
		F43EF84D25118B2500706233 /* SceneDelegate.swift */ = {isa = PBXFileReference; lastKnownFileType = sourcecode.swift; path = SceneDelegate.swift; sourceTree = "<group>"; };
		F43EF84F25118B2500706233 /* ViewController.swift */ = {isa = PBXFileReference; lastKnownFileType = sourcecode.swift; path = ViewController.swift; sourceTree = "<group>"; };
		F43EF85225118B2500706233 /* Base */ = {isa = PBXFileReference; lastKnownFileType = file.storyboard; name = Base; path = Base.lproj/Main.storyboard; sourceTree = "<group>"; };
		F43EF85425118B2700706233 /* Assets.xcassets */ = {isa = PBXFileReference; lastKnownFileType = folder.assetcatalog; path = Assets.xcassets; sourceTree = "<group>"; };
		F43EF85725118B2700706233 /* Base */ = {isa = PBXFileReference; lastKnownFileType = file.storyboard; name = Base; path = Base.lproj/LaunchScreen.storyboard; sourceTree = "<group>"; };
		F43EF85925118B2700706233 /* Info.plist */ = {isa = PBXFileReference; lastKnownFileType = text.plist.xml; path = Info.plist; sourceTree = "<group>"; };
		F43EF85E25118B2700706233 /* Cons_Project#8Tests.xctest */ = {isa = PBXFileReference; explicitFileType = wrapper.cfbundle; includeInIndex = 0; path = "Cons_Project#8Tests.xctest"; sourceTree = BUILT_PRODUCTS_DIR; };
		F43EF86225118B2700706233 /* Cons_Project_8Tests.swift */ = {isa = PBXFileReference; lastKnownFileType = sourcecode.swift; path = Cons_Project_8Tests.swift; sourceTree = "<group>"; };
		F43EF86425118B2700706233 /* Info.plist */ = {isa = PBXFileReference; lastKnownFileType = text.plist.xml; path = Info.plist; sourceTree = "<group>"; };
		F43EF86925118B2700706233 /* Cons_Project#8UITests.xctest */ = {isa = PBXFileReference; explicitFileType = wrapper.cfbundle; includeInIndex = 0; path = "Cons_Project#8UITests.xctest"; sourceTree = BUILT_PRODUCTS_DIR; };
		F43EF86D25118B2700706233 /* Cons_Project_8UITests.swift */ = {isa = PBXFileReference; lastKnownFileType = sourcecode.swift; path = Cons_Project_8UITests.swift; sourceTree = "<group>"; };
		F43EF86F25118B2700706233 /* Info.plist */ = {isa = PBXFileReference; lastKnownFileType = text.plist.xml; path = Info.plist; sourceTree = "<group>"; };
		F43EF882251193C200706233 /* Extension.appex */ = {isa = PBXFileReference; explicitFileType = "wrapper.app-extension"; includeInIndex = 0; path = Extension.appex; sourceTree = BUILT_PRODUCTS_DIR; };
		F43EF884251193C200706233 /* Media.xcassets */ = {isa = PBXFileReference; lastKnownFileType = folder.assetcatalog; path = Media.xcassets; sourceTree = "<group>"; };
		F43EF886251193C200706233 /* ActionViewController.swift */ = {isa = PBXFileReference; lastKnownFileType = sourcecode.swift; path = ActionViewController.swift; sourceTree = "<group>"; };
		F43EF889251193C200706233 /* Base */ = {isa = PBXFileReference; lastKnownFileType = file.storyboard; name = Base; path = Base.lproj/MainInterface.storyboard; sourceTree = "<group>"; };
		F43EF88B251193C200706233 /* Info.plist */ = {isa = PBXFileReference; lastKnownFileType = text.plist.xml; path = Info.plist; sourceTree = "<group>"; };
		F43EF8972511972900706233 /* Action.js */ = {isa = PBXFileReference; lastKnownFileType = sourcecode.javascript; path = Action.js; sourceTree = "<group>"; };
/* End PBXFileReference section */

/* Begin PBXFrameworksBuildPhase section */
		F43EF84525118B2500706233 /* Frameworks */ = {
			isa = PBXFrameworksBuildPhase;
			buildActionMask = 2147483647;
			files = (
			);
			runOnlyForDeploymentPostprocessing = 0;
		};
		F43EF85B25118B2700706233 /* Frameworks */ = {
			isa = PBXFrameworksBuildPhase;
			buildActionMask = 2147483647;
			files = (
			);
			runOnlyForDeploymentPostprocessing = 0;
		};
		F43EF86625118B2700706233 /* Frameworks */ = {
			isa = PBXFrameworksBuildPhase;
			buildActionMask = 2147483647;
			files = (
			);
			runOnlyForDeploymentPostprocessing = 0;
		};
		F43EF87F251193C200706233 /* Frameworks */ = {
			isa = PBXFrameworksBuildPhase;
			buildActionMask = 2147483647;
			files = (
			);
			runOnlyForDeploymentPostprocessing = 0;
		};
/* End PBXFrameworksBuildPhase section */

/* Begin PBXGroup section */
		F43EF83F25118B2500706233 = {
			isa = PBXGroup;
			children = (
				F43EF84A25118B2500706233 /* Cons_Project#8 */,
				F43EF86125118B2700706233 /* Cons_Project#8Tests */,
				F43EF86C25118B2700706233 /* Cons_Project#8UITests */,
				F43EF883251193C200706233 /* Extension */,
				F43EF84925118B2500706233 /* Products */,
			);
			sourceTree = "<group>";
		};
		F43EF84925118B2500706233 /* Products */ = {
			isa = PBXGroup;
			children = (
				F43EF84825118B2500706233 /* Cons_Project#8.app */,
				F43EF85E25118B2700706233 /* Cons_Project#8Tests.xctest */,
				F43EF86925118B2700706233 /* Cons_Project#8UITests.xctest */,
				F43EF882251193C200706233 /* Extension.appex */,
			);
			name = Products;
			sourceTree = "<group>";
		};
		F43EF84A25118B2500706233 /* Cons_Project#8 */ = {
			isa = PBXGroup;
			children = (
				F43EF84B25118B2500706233 /* AppDelegate.swift */,
				F43EF84D25118B2500706233 /* SceneDelegate.swift */,
				F43EF84F25118B2500706233 /* ViewController.swift */,
				F43EF85125118B2500706233 /* Main.storyboard */,
				F43EF85425118B2700706233 /* Assets.xcassets */,
				F43EF85625118B2700706233 /* LaunchScreen.storyboard */,
				F43EF85925118B2700706233 /* Info.plist */,
			);
			path = "Cons_Project#8";
			sourceTree = "<group>";
		};
		F43EF86125118B2700706233 /* Cons_Project#8Tests */ = {
			isa = PBXGroup;
			children = (
				F43EF86225118B2700706233 /* Cons_Project_8Tests.swift */,
				F43EF86425118B2700706233 /* Info.plist */,
			);
			path = "Cons_Project#8Tests";
			sourceTree = "<group>";
		};
		F43EF86C25118B2700706233 /* Cons_Project#8UITests */ = {
			isa = PBXGroup;
			children = (
				F43EF86D25118B2700706233 /* Cons_Project_8UITests.swift */,
				F43EF86F25118B2700706233 /* Info.plist */,
			);
			path = "Cons_Project#8UITests";
			sourceTree = "<group>";
		};
		F43EF883251193C200706233 /* Extension */ = {
			isa = PBXGroup;
			children = (
				F43EF884251193C200706233 /* Media.xcassets */,
				F43EF886251193C200706233 /* ActionViewController.swift */,
				F43EF888251193C200706233 /* MainInterface.storyboard */,
				F43EF88B251193C200706233 /* Info.plist */,
				F43EF8972511972900706233 /* Action.js */,
			);
			path = Extension;
			sourceTree = "<group>";
		};
/* End PBXGroup section */

/* Begin PBXNativeTarget section */
		F43EF84725118B2500706233 /* Cons_Project#8 */ = {
			isa = PBXNativeTarget;
			buildConfigurationList = F43EF87225118B2700706233 /* Build configuration list for PBXNativeTarget "Cons_Project#8" */;
			buildPhases = (
				F43EF84425118B2500706233 /* Sources */,
				F43EF84525118B2500706233 /* Frameworks */,
				F43EF84625118B2500706233 /* Resources */,
				F43EF892251193C200706233 /* Embed App Extensions */,
			);
			buildRules = (
			);
			dependencies = (
				F43EF88D251193C200706233 /* PBXTargetDependency */,
			);
			name = "Cons_Project#8";
			productName = "Cons_Project#8";
			productReference = F43EF84825118B2500706233 /* Cons_Project#8.app */;
			productType = "com.apple.product-type.application";
		};
		F43EF85D25118B2700706233 /* Cons_Project#8Tests */ = {
			isa = PBXNativeTarget;
			buildConfigurationList = F43EF87525118B2700706233 /* Build configuration list for PBXNativeTarget "Cons_Project#8Tests" */;
			buildPhases = (
				F43EF85A25118B2700706233 /* Sources */,
				F43EF85B25118B2700706233 /* Frameworks */,
				F43EF85C25118B2700706233 /* Resources */,
			);
			buildRules = (
			);
			dependencies = (
				F43EF86025118B2700706233 /* PBXTargetDependency */,
			);
			name = "Cons_Project#8Tests";
			productName = "Cons_Project#8Tests";
			productReference = F43EF85E25118B2700706233 /* Cons_Project#8Tests.xctest */;
			productType = "com.apple.product-type.bundle.unit-test";
		};
		F43EF86825118B2700706233 /* Cons_Project#8UITests */ = {
			isa = PBXNativeTarget;
			buildConfigurationList = F43EF87825118B2700706233 /* Build configuration list for PBXNativeTarget "Cons_Project#8UITests" */;
			buildPhases = (
				F43EF86525118B2700706233 /* Sources */,
				F43EF86625118B2700706233 /* Frameworks */,
				F43EF86725118B2700706233 /* Resources */,
			);
			buildRules = (
			);
			dependencies = (
				F43EF86B25118B2700706233 /* PBXTargetDependency */,
			);
			name = "Cons_Project#8UITests";
			productName = "Cons_Project#8UITests";
			productReference = F43EF86925118B2700706233 /* Cons_Project#8UITests.xctest */;
			productType = "com.apple.product-type.bundle.ui-testing";
		};
		F43EF881251193C200706233 /* Extension */ = {
			isa = PBXNativeTarget;
			buildConfigurationList = F43EF88F251193C200706233 /* Build configuration list for PBXNativeTarget "Extension" */;
			buildPhases = (
				F43EF87E251193C200706233 /* Sources */,
				F43EF87F251193C200706233 /* Frameworks */,
				F43EF880251193C200706233 /* Resources */,
			);
			buildRules = (
			);
			dependencies = (
			);
			name = Extension;
			productName = Extension;
			productReference = F43EF882251193C200706233 /* Extension.appex */;
			productType = "com.apple.product-type.app-extension";
		};
/* End PBXNativeTarget section */

/* Begin PBXProject section */
		F43EF84025118B2500706233 /* Project object */ = {
			isa = PBXProject;
			attributes = {
				LastSwiftUpdateCheck = 1200;
				LastUpgradeCheck = 1200;
				TargetAttributes = {
					F43EF84725118B2500706233 = {
						CreatedOnToolsVersion = 12.0;
					};
					F43EF85D25118B2700706233 = {
						CreatedOnToolsVersion = 12.0;
						TestTargetID = F43EF84725118B2500706233;
					};
					F43EF86825118B2700706233 = {
						CreatedOnToolsVersion = 12.0;
						TestTargetID = F43EF84725118B2500706233;
					};
					F43EF881251193C200706233 = {
						CreatedOnToolsVersion = 12.0;
					};
				};
			};
			buildConfigurationList = F43EF84325118B2500706233 /* Build configuration list for PBXProject "Cons_Project#8" */;
			compatibilityVersion = "Xcode 9.3";
			developmentRegion = en;
			hasScannedForEncodings = 0;
			knownRegions = (
				en,
				Base,
			);
			mainGroup = F43EF83F25118B2500706233;
			productRefGroup = F43EF84925118B2500706233 /* Products */;
			projectDirPath = "";
			projectRoot = "";
			targets = (
				F43EF84725118B2500706233 /* Cons_Project#8 */,
				F43EF85D25118B2700706233 /* Cons_Project#8Tests */,
				F43EF86825118B2700706233 /* Cons_Project#8UITests */,
				F43EF881251193C200706233 /* Extension */,
			);
		};
/* End PBXProject section */

/* Begin PBXResourcesBuildPhase section */
		F43EF84625118B2500706233 /* Resources */ = {
			isa = PBXResourcesBuildPhase;
			buildActionMask = 2147483647;
			files = (
				F43EF85825118B2700706233 /* LaunchScreen.storyboard in Resources */,
				F43EF85525118B2700706233 /* Assets.xcassets in Resources */,
				F43EF85325118B2500706233 /* Main.storyboard in Resources */,
			);
			runOnlyForDeploymentPostprocessing = 0;
		};
		F43EF85C25118B2700706233 /* Resources */ = {
			isa = PBXResourcesBuildPhase;
			buildActionMask = 2147483647;
			files = (
			);
			runOnlyForDeploymentPostprocessing = 0;
		};
		F43EF86725118B2700706233 /* Resources */ = {
			isa = PBXResourcesBuildPhase;
			buildActionMask = 2147483647;
			files = (
			);
			runOnlyForDeploymentPostprocessing = 0;
		};
		F43EF880251193C200706233 /* Resources */ = {
			isa = PBXResourcesBuildPhase;
			buildActionMask = 2147483647;
			files = (
				F43EF8982511972900706233 /* Action.js in Resources */,
				F43EF885251193C200706233 /* Media.xcassets in Resources */,
				F43EF88A251193C200706233 /* MainInterface.storyboard in Resources */,
			);
			runOnlyForDeploymentPostprocessing = 0;
		};
/* End PBXResourcesBuildPhase section */

/* Begin PBXSourcesBuildPhase section */
		F43EF84425118B2500706233 /* Sources */ = {
			isa = PBXSourcesBuildPhase;
			buildActionMask = 2147483647;
			files = (
				F43EF85025118B2500706233 /* ViewController.swift in Sources */,
				F43EF84C25118B2500706233 /* AppDelegate.swift in Sources */,
				F43EF84E25118B2500706233 /* SceneDelegate.swift in Sources */,
			);
			runOnlyForDeploymentPostprocessing = 0;
		};
		F43EF85A25118B2700706233 /* Sources */ = {
			isa = PBXSourcesBuildPhase;
			buildActionMask = 2147483647;
			files = (
				F43EF86325118B2700706233 /* Cons_Project_8Tests.swift in Sources */,
			);
			runOnlyForDeploymentPostprocessing = 0;
		};
		F43EF86525118B2700706233 /* Sources */ = {
			isa = PBXSourcesBuildPhase;
			buildActionMask = 2147483647;
			files = (
				F43EF86E25118B2700706233 /* Cons_Project_8UITests.swift in Sources */,
			);
			runOnlyForDeploymentPostprocessing = 0;
		};
		F43EF87E251193C200706233 /* Sources */ = {
			isa = PBXSourcesBuildPhase;
			buildActionMask = 2147483647;
			files = (
				F43EF887251193C200706233 /* ActionViewController.swift in Sources */,
			);
			runOnlyForDeploymentPostprocessing = 0;
		};
/* End PBXSourcesBuildPhase section */

/* Begin PBXTargetDependency section */
		F43EF86025118B2700706233 /* PBXTargetDependency */ = {
			isa = PBXTargetDependency;
			target = F43EF84725118B2500706233 /* Cons_Project#8 */;
			targetProxy = F43EF85F25118B2700706233 /* PBXContainerItemProxy */;
		};
		F43EF86B25118B2700706233 /* PBXTargetDependency */ = {
			isa = PBXTargetDependency;
			target = F43EF84725118B2500706233 /* Cons_Project#8 */;
			targetProxy = F43EF86A25118B2700706233 /* PBXContainerItemProxy */;
		};
		F43EF88D251193C200706233 /* PBXTargetDependency */ = {
			isa = PBXTargetDependency;
			target = F43EF881251193C200706233 /* Extension */;
			targetProxy = F43EF88C251193C200706233 /* PBXContainerItemProxy */;
		};
/* End PBXTargetDependency section */

/* Begin PBXVariantGroup section */
		F43EF85125118B2500706233 /* Main.storyboard */ = {
			isa = PBXVariantGroup;
			children = (
				F43EF85225118B2500706233 /* Base */,
			);
			name = Main.storyboard;
			sourceTree = "<group>";
		};
		F43EF85625118B2700706233 /* LaunchScreen.storyboard */ = {
			isa = PBXVariantGroup;
			children = (
				F43EF85725118B2700706233 /* Base */,
			);
			name = LaunchScreen.storyboard;
			sourceTree = "<group>";
		};
		F43EF888251193C200706233 /* MainInterface.storyboard */ = {
			isa = PBXVariantGroup;
			children = (
				F43EF889251193C200706233 /* Base */,
			);
			name = MainInterface.storyboard;
			sourceTree = "<group>";
		};
/* End PBXVariantGroup section */

/* Begin XCBuildConfiguration section */
		F43EF87025118B2700706233 /* Debug */ = {
			isa = XCBuildConfiguration;
			buildSettings = {
				ALWAYS_SEARCH_USER_PATHS = NO;
				CLANG_ANALYZER_NONNULL = YES;
				CLANG_ANALYZER_NUMBER_OBJECT_CONVERSION = YES_AGGRESSIVE;
				CLANG_CXX_LANGUAGE_STANDARD = "gnu++14";
				CLANG_CXX_LIBRARY = "libc++";
				CLANG_ENABLE_MODULES = YES;
				CLANG_ENABLE_OBJC_ARC = YES;
				CLANG_ENABLE_OBJC_WEAK = YES;
				CLANG_WARN_BLOCK_CAPTURE_AUTORELEASING = YES;
				CLANG_WARN_BOOL_CONVERSION = YES;
				CLANG_WARN_COMMA = YES;
				CLANG_WARN_CONSTANT_CONVERSION = YES;
				CLANG_WARN_DEPRECATED_OBJC_IMPLEMENTATIONS = YES;
				CLANG_WARN_DIRECT_OBJC_ISA_USAGE = YES_ERROR;
				CLANG_WARN_DOCUMENTATION_COMMENTS = YES;
				CLANG_WARN_EMPTY_BODY = YES;
				CLANG_WARN_ENUM_CONVERSION = YES;
				CLANG_WARN_INFINITE_RECURSION = YES;
				CLANG_WARN_INT_CONVERSION = YES;
				CLANG_WARN_NON_LITERAL_NULL_CONVERSION = YES;
				CLANG_WARN_OBJC_IMPLICIT_RETAIN_SELF = YES;
				CLANG_WARN_OBJC_LITERAL_CONVERSION = YES;
				CLANG_WARN_OBJC_ROOT_CLASS = YES_ERROR;
				CLANG_WARN_QUOTED_INCLUDE_IN_FRAMEWORK_HEADER = YES;
				CLANG_WARN_RANGE_LOOP_ANALYSIS = YES;
				CLANG_WARN_STRICT_PROTOTYPES = YES;
				CLANG_WARN_SUSPICIOUS_MOVE = YES;
				CLANG_WARN_UNGUARDED_AVAILABILITY = YES_AGGRESSIVE;
				CLANG_WARN_UNREACHABLE_CODE = YES;
				CLANG_WARN__DUPLICATE_METHOD_MATCH = YES;
				COPY_PHASE_STRIP = NO;
				DEBUG_INFORMATION_FORMAT = dwarf;
				ENABLE_STRICT_OBJC_MSGSEND = YES;
				ENABLE_TESTABILITY = YES;
				GCC_C_LANGUAGE_STANDARD = gnu11;
				GCC_DYNAMIC_NO_PIC = NO;
				GCC_NO_COMMON_BLOCKS = YES;
				GCC_OPTIMIZATION_LEVEL = 0;
				GCC_PREPROCESSOR_DEFINITIONS = (
					"DEBUG=1",
					"$(inherited)",
				);
				GCC_WARN_64_TO_32_BIT_CONVERSION = YES;
				GCC_WARN_ABOUT_RETURN_TYPE = YES_ERROR;
				GCC_WARN_UNDECLARED_SELECTOR = YES;
				GCC_WARN_UNINITIALIZED_AUTOS = YES_AGGRESSIVE;
				GCC_WARN_UNUSED_FUNCTION = YES;
				GCC_WARN_UNUSED_VARIABLE = YES;
				IPHONEOS_DEPLOYMENT_TARGET = 14.0;
				MTL_ENABLE_DEBUG_INFO = INCLUDE_SOURCE;
				MTL_FAST_MATH = YES;
				ONLY_ACTIVE_ARCH = YES;
				SDKROOT = iphoneos;
				SWIFT_ACTIVE_COMPILATION_CONDITIONS = DEBUG;
				SWIFT_OPTIMIZATION_LEVEL = "-Onone";
			};
			name = Debug;
		};
		F43EF87125118B2700706233 /* Release */ = {
			isa = XCBuildConfiguration;
			buildSettings = {
				ALWAYS_SEARCH_USER_PATHS = NO;
				CLANG_ANALYZER_NONNULL = YES;
				CLANG_ANALYZER_NUMBER_OBJECT_CONVERSION = YES_AGGRESSIVE;
				CLANG_CXX_LANGUAGE_STANDARD = "gnu++14";
				CLANG_CXX_LIBRARY = "libc++";
				CLANG_ENABLE_MODULES = YES;
				CLANG_ENABLE_OBJC_ARC = YES;
				CLANG_ENABLE_OBJC_WEAK = YES;
				CLANG_WARN_BLOCK_CAPTURE_AUTORELEASING = YES;
				CLANG_WARN_BOOL_CONVERSION = YES;
				CLANG_WARN_COMMA = YES;
				CLANG_WARN_CONSTANT_CONVERSION = YES;
				CLANG_WARN_DEPRECATED_OBJC_IMPLEMENTATIONS = YES;
				CLANG_WARN_DIRECT_OBJC_ISA_USAGE = YES_ERROR;
				CLANG_WARN_DOCUMENTATION_COMMENTS = YES;
				CLANG_WARN_EMPTY_BODY = YES;
				CLANG_WARN_ENUM_CONVERSION = YES;
				CLANG_WARN_INFINITE_RECURSION = YES;
				CLANG_WARN_INT_CONVERSION = YES;
				CLANG_WARN_NON_LITERAL_NULL_CONVERSION = YES;
				CLANG_WARN_OBJC_IMPLICIT_RETAIN_SELF = YES;
				CLANG_WARN_OBJC_LITERAL_CONVERSION = YES;
				CLANG_WARN_OBJC_ROOT_CLASS = YES_ERROR;
				CLANG_WARN_QUOTED_INCLUDE_IN_FRAMEWORK_HEADER = YES;
				CLANG_WARN_RANGE_LOOP_ANALYSIS = YES;
				CLANG_WARN_STRICT_PROTOTYPES = YES;
				CLANG_WARN_SUSPICIOUS_MOVE = YES;
				CLANG_WARN_UNGUARDED_AVAILABILITY = YES_AGGRESSIVE;
				CLANG_WARN_UNREACHABLE_CODE = YES;
				CLANG_WARN__DUPLICATE_METHOD_MATCH = YES;
				COPY_PHASE_STRIP = NO;
				DEBUG_INFORMATION_FORMAT = "dwarf-with-dsym";
				ENABLE_NS_ASSERTIONS = NO;
				ENABLE_STRICT_OBJC_MSGSEND = YES;
				GCC_C_LANGUAGE_STANDARD = gnu11;
				GCC_NO_COMMON_BLOCKS = YES;
				GCC_WARN_64_TO_32_BIT_CONVERSION = YES;
				GCC_WARN_ABOUT_RETURN_TYPE = YES_ERROR;
				GCC_WARN_UNDECLARED_SELECTOR = YES;
				GCC_WARN_UNINITIALIZED_AUTOS = YES_AGGRESSIVE;
				GCC_WARN_UNUSED_FUNCTION = YES;
				GCC_WARN_UNUSED_VARIABLE = YES;
				IPHONEOS_DEPLOYMENT_TARGET = 14.0;
				MTL_ENABLE_DEBUG_INFO = NO;
				MTL_FAST_MATH = YES;
				SDKROOT = iphoneos;
				SWIFT_COMPILATION_MODE = wholemodule;
				SWIFT_OPTIMIZATION_LEVEL = "-O";
				VALIDATE_PRODUCT = YES;
			};
			name = Release;
		};
		F43EF87325118B2700706233 /* Debug */ = {
			isa = XCBuildConfiguration;
			buildSettings = {
				ALWAYS_EMBED_SWIFT_STANDARD_LIBRARIES = YES;
				ASSETCATALOG_COMPILER_APPICON_NAME = AppIcon;
				ASSETCATALOG_COMPILER_GLOBAL_ACCENT_COLOR_NAME = AccentColor;
				CODE_SIGN_STYLE = Automatic;
				DEVELOPMENT_TEAM = 9G2243U9KY;
				INFOPLIST_FILE = "Cons_Project#8/Info.plist";
				LD_RUNPATH_SEARCH_PATHS = (
					"$(inherited)",
					"@executable_path/Frameworks",
				);
				PRODUCT_BUNDLE_IDENTIFIER = "TeeksCode.Cons-Project-8";
				PRODUCT_NAME = "$(TARGET_NAME)";
				SWIFT_VERSION = 5.0;
				TARGETED_DEVICE_FAMILY = "1,2";
			};
			name = Debug;
		};
		F43EF87425118B2700706233 /* Release */ = {
			isa = XCBuildConfiguration;
			buildSettings = {
				ALWAYS_EMBED_SWIFT_STANDARD_LIBRARIES = YES;
				ASSETCATALOG_COMPILER_APPICON_NAME = AppIcon;
				ASSETCATALOG_COMPILER_GLOBAL_ACCENT_COLOR_NAME = AccentColor;
				CODE_SIGN_STYLE = Automatic;
				DEVELOPMENT_TEAM = 9G2243U9KY;
				INFOPLIST_FILE = "Cons_Project#8/Info.plist";
				LD_RUNPATH_SEARCH_PATHS = (
					"$(inherited)",
					"@executable_path/Frameworks",
				);
				PRODUCT_BUNDLE_IDENTIFIER = "TeeksCode.Cons-Project-8";
				PRODUCT_NAME = "$(TARGET_NAME)";
				SWIFT_VERSION = 5.0;
				TARGETED_DEVICE_FAMILY = "1,2";
			};
			name = Release;
		};
		F43EF87625118B2700706233 /* Debug */ = {
			isa = XCBuildConfiguration;
			buildSettings = {
				ALWAYS_EMBED_SWIFT_STANDARD_LIBRARIES = YES;
				BUNDLE_LOADER = "$(TEST_HOST)";
				CODE_SIGN_STYLE = Automatic;
				DEVELOPMENT_TEAM = 9G2243U9KY;
				INFOPLIST_FILE = "Cons_Project#8Tests/Info.plist";
				IPHONEOS_DEPLOYMENT_TARGET = 14.0;
				LD_RUNPATH_SEARCH_PATHS = (
					"$(inherited)",
					"@executable_path/Frameworks",
					"@loader_path/Frameworks",
				);
				PRODUCT_BUNDLE_IDENTIFIER = "TeeksCode.Cons-Project-8Tests";
				PRODUCT_NAME = "$(TARGET_NAME)";
				SWIFT_VERSION = 5.0;
				TARGETED_DEVICE_FAMILY = "1,2";
				TEST_HOST = "$(BUILT_PRODUCTS_DIR)/Cons_Project#8.app/Cons_Project#8";
			};
			name = Debug;
		};
		F43EF87725118B2700706233 /* Release */ = {
			isa = XCBuildConfiguration;
			buildSettings = {
				ALWAYS_EMBED_SWIFT_STANDARD_LIBRARIES = YES;
				BUNDLE_LOADER = "$(TEST_HOST)";
				CODE_SIGN_STYLE = Automatic;
				DEVELOPMENT_TEAM = 9G2243U9KY;
				INFOPLIST_FILE = "Cons_Project#8Tests/Info.plist";
				IPHONEOS_DEPLOYMENT_TARGET = 14.0;
				LD_RUNPATH_SEARCH_PATHS = (
					"$(inherited)",
					"@executable_path/Frameworks",
					"@loader_path/Frameworks",
				);
				PRODUCT_BUNDLE_IDENTIFIER = "TeeksCode.Cons-Project-8Tests";
				PRODUCT_NAME = "$(TARGET_NAME)";
				SWIFT_VERSION = 5.0;
				TARGETED_DEVICE_FAMILY = "1,2";
				TEST_HOST = "$(BUILT_PRODUCTS_DIR)/Cons_Project#8.app/Cons_Project#8";
			};
			name = Release;
		};
		F43EF87925118B2700706233 /* Debug */ = {
			isa = XCBuildConfiguration;
			buildSettings = {
				ALWAYS_EMBED_SWIFT_STANDARD_LIBRARIES = YES;
				CODE_SIGN_STYLE = Automatic;
				DEVELOPMENT_TEAM = 9G2243U9KY;
				INFOPLIST_FILE = "Cons_Project#8UITests/Info.plist";
				LD_RUNPATH_SEARCH_PATHS = (
					"$(inherited)",
					"@executable_path/Frameworks",
					"@loader_path/Frameworks",
				);
				PRODUCT_BUNDLE_IDENTIFIER = "TeeksCode.Cons-Project-8UITests";
				PRODUCT_NAME = "$(TARGET_NAME)";
				SWIFT_VERSION = 5.0;
				TARGETED_DEVICE_FAMILY = "1,2";
				TEST_TARGET_NAME = "Cons_Project#8";
			};
			name = Debug;
		};
		F43EF87A25118B2700706233 /* Release */ = {
			isa = XCBuildConfiguration;
			buildSettings = {
				ALWAYS_EMBED_SWIFT_STANDARD_LIBRARIES = YES;
				CODE_SIGN_STYLE = Automatic;
				DEVELOPMENT_TEAM = 9G2243U9KY;
				INFOPLIST_FILE = "Cons_Project#8UITests/Info.plist";
				LD_RUNPATH_SEARCH_PATHS = (
					"$(inherited)",
					"@executable_path/Frameworks",
					"@loader_path/Frameworks",
				);
				PRODUCT_BUNDLE_IDENTIFIER = "TeeksCode.Cons-Project-8UITests";
				PRODUCT_NAME = "$(TARGET_NAME)";
				SWIFT_VERSION = 5.0;
				TARGETED_DEVICE_FAMILY = "1,2";
				TEST_TARGET_NAME = "Cons_Project#8";
			};
			name = Release;
		};
		F43EF890251193C200706233 /* Debug */ = {
			isa = XCBuildConfiguration;
			buildSettings = {
				CODE_SIGN_STYLE = Automatic;
				DEVELOPMENT_TEAM = 9G2243U9KY;
				INFOPLIST_FILE = Extension/Info.plist;
				LD_RUNPATH_SEARCH_PATHS = (
					"$(inherited)",
					"@executable_path/Frameworks",
					"@executable_path/../../Frameworks",
				);
				PRODUCT_BUNDLE_IDENTIFIER = "TeeksCode.Cons-Project-8.Extension";
				PRODUCT_NAME = "$(TARGET_NAME)";
				SKIP_INSTALL = YES;
				SWIFT_VERSION = 5.0;
				TARGETED_DEVICE_FAMILY = "1,2";
			};
			name = Debug;
		};
		F43EF891251193C200706233 /* Release */ = {
			isa = XCBuildConfiguration;
			buildSettings = {
				CODE_SIGN_STYLE = Automatic;
				DEVELOPMENT_TEAM = 9G2243U9KY;
				INFOPLIST_FILE = Extension/Info.plist;
				LD_RUNPATH_SEARCH_PATHS = (
					"$(inherited)",
					"@executable_path/Frameworks",
					"@executable_path/../../Frameworks",
				);
				PRODUCT_BUNDLE_IDENTIFIER = "TeeksCode.Cons-Project-8.Extension";
				PRODUCT_NAME = "$(TARGET_NAME)";
				SKIP_INSTALL = YES;
				SWIFT_VERSION = 5.0;
				TARGETED_DEVICE_FAMILY = "1,2";
			};
			name = Release;
		};
/* End XCBuildConfiguration section */

/* Begin XCConfigurationList section */
		F43EF84325118B2500706233 /* Build configuration list for PBXProject "Cons_Project#8" */ = {
			isa = XCConfigurationList;
			buildConfigurations = (
				F43EF87025118B2700706233 /* Debug */,
				F43EF87125118B2700706233 /* Release */,
			);
			defaultConfigurationIsVisible = 0;
			defaultConfigurationName = Release;
		};
		F43EF87225118B2700706233 /* Build configuration list for PBXNativeTarget "Cons_Project#8" */ = {
			isa = XCConfigurationList;
			buildConfigurations = (
				F43EF87325118B2700706233 /* Debug */,
				F43EF87425118B2700706233 /* Release */,
			);
			defaultConfigurationIsVisible = 0;
			defaultConfigurationName = Release;
		};
		F43EF87525118B2700706233 /* Build configuration list for PBXNativeTarget "Cons_Project#8Tests" */ = {
			isa = XCConfigurationList;
			buildConfigurations = (
				F43EF87625118B2700706233 /* Debug */,
				F43EF87725118B2700706233 /* Release */,
			);
			defaultConfigurationIsVisible = 0;
			defaultConfigurationName = Release;
		};
		F43EF87825118B2700706233 /* Build configuration list for PBXNativeTarget "Cons_Project#8UITests" */ = {
			isa = XCConfigurationList;
			buildConfigurations = (
				F43EF87925118B2700706233 /* Debug */,
				F43EF87A25118B2700706233 /* Release */,
			);
			defaultConfigurationIsVisible = 0;
			defaultConfigurationName = Release;
		};
		F43EF88F251193C200706233 /* Build configuration list for PBXNativeTarget "Extension" */ = {
			isa = XCConfigurationList;
			buildConfigurations = (
				F43EF890251193C200706233 /* Debug */,
				F43EF891251193C200706233 /* Release */,
			);
			defaultConfigurationIsVisible = 0;
			defaultConfigurationName = Release;
		};
/* End XCConfigurationList section */
	};
	rootObject = F43EF84025118B2500706233 /* Project object */;
}
